<?xml version="1.0" encoding="utf-8"?>
<Project ToolsVersion="4.0" xmlns="http://schemas.microsoft.com/developer/msbuild/2003">
  <ItemGroup>
    <Filter Include="bEngine">
      <UniqueIdentifier>{5DA27F24-C981-FEBF-D299-89963EF86421}</UniqueIdentifier>
    </Filter>
  </ItemGroup>
  <ItemGroup>
    <ClInclude Include="src\bEngine.h" />
    <ClInclude Include="src\bEngine\Application.h">
      <Filter>bEngine</Filter>
    </ClInclude>
    <ClInclude Include="src\bEngine\Core.h">
      <Filter>bEngine</Filter>
    </ClInclude>
    <ClInclude Include="src\bEngine\EntryPoint.h">
      <Filter>bEngine</Filter>
    </ClInclude>
    <ClInclude Include="src\bEngine\Log.h">
      <Filter>bEngine</Filter>
    </ClInclude>
  </ItemGroup>
  <ItemGroup>
    <ClCompile Include="src\bEngine\Application.cpp">
      <Filter>bEngine</Filter>
    </ClCompile>
    <ClCompile Include="src\bEngine\Log.cpp">
      <Filter>bEngine</Filter>
    </ClCompile>
  </ItemGroup>
</Project>